{
  "name": "exp2015",
  "version": "0.0.0",
  "lockfileVersion": 1,
  "requires": true,
  "dependencies": {
    "accepts": {
      "version": "1.3.5",
      "resolved": "https://registry.npmjs.org/accepts/-/accepts-1.3.5.tgz",
      "integrity": "sha1-63d99gEXI6OxTopywIBcjoZ0a9I=",
      "requires": {
        "mime-types": "2.1.18",
        "negotiator": "0.6.1"
      }
    },
    "async": {
      "version": "1.5.2",
      "resolved": "https://registry.npmjs.org/async/-/async-1.5.2.tgz",
      "integrity": "sha1-7GphrlZIDAw8skHJVhjiCJL5Zyo="
    },
    "bluebird": {
      "version": "2.10.2",
      "resolved": "https://registry.npmjs.org/bluebird/-/bluebird-2.10.2.tgz",
      "integrity": "sha1-AkpVFylTCIV/FPkfEQb8O1VfRGs="
    },
    "body-parser": {
      "version": "1.10.2",
      "resolved": "https://registry.npmjs.org/body-parser/-/body-parser-1.10.2.tgz",
      "integrity": "sha1-QF1GX808zw6oo1rb8QVfbpgxa9E=",
      "requires": {
        "bytes": "1.0.0",
        "depd": "1.0.1",
        "iconv-lite": "0.4.6",
        "media-typer": "0.3.0",
        "on-finished": "2.2.0",
        "qs": "2.3.3",
        "raw-body": "1.3.2",
        "type-is": "1.5.7"
      },
      "dependencies": {
        "bytes": {
          "version": "1.0.0",
          "resolved": "https://registry.npmjs.org/bytes/-/bytes-1.0.0.tgz",
          "integrity": "sha1-NWnt6Lo0MV+rmcPpLLBMciDeH6g="
        },
        "depd": {
          "version": "1.0.1",
          "resolved": "https://registry.npmjs.org/depd/-/depd-1.0.1.tgz",
          "integrity": "sha1-gK7GTJ1tl+ZcwqnKqTwKpqv3Oqo="
        },
        "iconv-lite": {
          "version": "0.4.6",
          "resolved": "https://registry.npmjs.org/iconv-lite/-/iconv-lite-0.4.6.tgz",
          "integrity": "sha1-45xoJhCnkfPu3Cc4L/SeJj+R+gk="
        },
        "media-typer": {
          "version": "0.3.0",
          "resolved": "https://registry.npmjs.org/media-typer/-/media-typer-0.3.0.tgz",
          "integrity": "sha1-hxDXrwqmJvj/+hzgAWhUUmMlV0g="
        },
        "on-finished": {
          "version": "2.2.0",
          "resolved": "https://registry.npmjs.org/on-finished/-/on-finished-2.2.0.tgz",
          "integrity": "sha1-5rpqCaNILWt5abw9qSyG8KlnYF4=",
          "requires": {
            "ee-first": "1.1.0"
          },
          "dependencies": {
            "ee-first": {
              "version": "1.1.0",
              "resolved": "https://registry.npmjs.org/ee-first/-/ee-first-1.1.0.tgz",
              "integrity": "sha1-ag18YiHkkP7v2S7D9EHJzozQl/Q="
            }
          }
        },
        "qs": {
          "version": "2.3.3",
          "resolved": "https://registry.npmjs.org/qs/-/qs-2.3.3.tgz",
          "integrity": "sha1-6eha2+ddoLvkyOBHaghikPhjtAQ="
        },
        "raw-body": {
          "version": "1.3.2",
          "resolved": "https://registry.npmjs.org/raw-body/-/raw-body-1.3.2.tgz",
          "integrity": "sha1-DhhvJ8X7/jJtizBid0gEVkoOz5M=",
          "requires": {
            "bytes": "1.0.0",
            "iconv-lite": "0.4.6"
          }
        },
        "type-is": {
          "version": "1.5.7",
          "resolved": "https://registry.npmjs.org/type-is/-/type-is-1.5.7.tgz",
          "integrity": "sha1-uTaKWTzG730GReeLL0xky+zQXpA=",
          "requires": {
            "media-typer": "0.3.0",
            "mime-types": "2.0.10"
          },
          "dependencies": {
            "mime-types": {
              "version": "2.0.10",
              "resolved": "https://registry.npmjs.org/mime-types/-/mime-types-2.0.10.tgz",
              "integrity": "sha1-6s2Bu3PKsqd0R1SaB41PIBjGe00=",
              "requires": {
                "mime-db": "1.8.0"
              },
              "dependencies": {
                "mime-db": {
                  "version": "1.8.0",
                  "resolved": "https://registry.npmjs.org/mime-db/-/mime-db-1.8.0.tgz",
                  "integrity": "sha1-gqmzhfIrD1lU3sTURfq6ByLErSU="
                }
              }
            }
          }
        }
      }
    },
    "bson": {
      "version": "0.4.23",
      "resolved": "https://registry.npmjs.org/bson/-/bson-0.4.23.tgz",
      "integrity": "sha1-5louPHUH/63kEJvHV1p25Q+NqRU="
    },
    "cookie-parser": {
      "version": "1.3.4",
      "resolved": "https://registry.npmjs.org/cookie-parser/-/cookie-parser-1.3.4.tgz",
      "integrity": "sha1-GTA1pb6XEXohcJs6pzf2EycXvaY=",
      "requires": {
        "cookie": "0.1.2",
        "cookie-signature": "1.0.6"
      },
      "dependencies": {
        "cookie": {
          "version": "0.1.2",
          "resolved": "https://registry.npmjs.org/cookie/-/cookie-0.1.2.tgz",
          "integrity": "sha1-cv7D0k5Io0Mgc9kMEmQgBQYQBLE="
        },
        "cookie-signature": {
          "version": "1.0.6",
          "resolved": "https://registry.npmjs.org/cookie-signature/-/cookie-signature-1.0.6.tgz",
          "integrity": "sha1-4wOogrNCzD7oylE6eZmXNNqzriw="
        }
      }
    },
    "core-util-is": {
      "version": "1.0.2",
      "resolved": "https://registry.npmjs.org/core-util-is/-/core-util-is-1.0.2.tgz",
      "integrity": "sha1-tf1UIgqivFq1eqtxQMlAdUUDwac="
    },
    "debug": {
      "version": "2.1.1",
      "resolved": "https://registry.npmjs.org/debug/-/debug-2.1.1.tgz",
      "integrity": "sha1-4MVIzGB63CK1N1QNw2OcQjb9+Qw=",
      "requires": {
        "ms": "0.6.2"
      },
      "dependencies": {
        "ms": {
          "version": "0.6.2",
          "resolved": "https://registry.npmjs.org/ms/-/ms-0.6.2.tgz",
          "integrity": "sha1-2JwhJMb9wTU9Zai3e/GqxLGTcIw="
        }
      }
    },
    "errorhandler": {
      "version": "1.5.0",
      "resolved": "https://registry.npmjs.org/errorhandler/-/errorhandler-1.5.0.tgz",
      "integrity": "sha1-6rpkyl1UKjEayUX1gt78M2Fl2fQ=",
      "requires": {
        "accepts": "1.3.5",
        "escape-html": "1.0.3"
      }
    },
    "es6-promise": {
      "version": "3.0.2",
      "resolved": "https://registry.npmjs.org/es6-promise/-/es6-promise-3.0.2.tgz",
      "integrity": "sha1-AQ1YWEI6XxGJeWZfRkhqlcbuK7Y="
    },
    "escape-html": {
      "version": "1.0.3",
      "resolved": "https://registry.npmjs.org/escape-html/-/escape-html-1.0.3.tgz",
      "integrity": "sha1-Aljq5NPQwJdN4cFpGI7wBR0dGYg="
    },
    "express": {
      "version": "4.11.2",
      "resolved": "https://registry.npmjs.org/express/-/express-4.11.2.tgz",
      "integrity": "sha1-jfPVqayEhYXwCgd3YBgj+uzTsUg=",
      "requires": {
        "accepts": "1.2.4",
        "content-disposition": "0.5.0",
        "cookie": "0.1.2",
        "cookie-signature": "1.0.5",
        "debug": "2.1.1",
        "depd": "1.0.0",
        "escape-html": "1.0.1",
        "etag": "1.5.1",
        "finalhandler": "0.3.3",
        "fresh": "0.2.4",
        "media-typer": "0.3.0",
        "merge-descriptors": "0.0.2",
        "methods": "1.1.1",
        "on-finished": "2.2.0",
        "parseurl": "1.3.0",
        "path-to-regexp": "0.1.3",
        "proxy-addr": "1.0.6",
        "qs": "2.3.3",
        "range-parser": "1.0.2",
        "send": "0.11.1",
        "serve-static": "1.8.1",
        "type-is": "1.5.7",
        "utils-merge": "1.0.0",
        "vary": "1.0.0"
      },
      "dependencies": {
        "accepts": {
          "version": "1.2.4",
          "resolved": "https://registry.npmjs.org/accepts/-/accepts-1.2.4.tgz",
          "integrity": "sha1-9ObGb0+vacdr16Y6H/xb0trPsqw=",
          "requires": {
            "mime-types": "2.0.9",
            "negotiator": "0.5.1"
          },
          "dependencies": {
            "mime-types": {
              "version": "2.0.9",
              "resolved": "https://registry.npmjs.org/mime-types/-/mime-types-2.0.9.tgz",
              "integrity": "sha1-6ESa/yexJF3cZkG1JEOa6AxLeKY=",
              "requires": {
                "mime-db": "1.7.0"
              },
              "dependencies": {
                "mime-db": {
                  "version": "1.7.0",
                  "resolved": "https://registry.npmjs.org/mime-db/-/mime-db-1.7.0.tgz",
                  "integrity": "sha1-Ns9mpsUupxgnveKH93wlT17xuNM="
                }
              }
            },
            "negotiator": {
              "version": "0.5.1",
              "resolved": "https://registry.npmjs.org/negotiator/-/negotiator-0.5.1.tgz",
              "integrity": "sha1-SY9mHFIkcBU8YIasgwGcs+tm9hw="
            }
          }
        },
        "content-disposition": {
          "version": "0.5.0",
          "resolved": "https://registry.npmjs.org/content-disposition/-/content-disposition-0.5.0.tgz",
          "integrity": "sha1-QoT+auBjCHRjnkToCkGMKTQTXp4="
        },
        "cookie": {
          "version": "0.1.2",
          "resolved": "https://registry.npmjs.org/cookie/-/cookie-0.1.2.tgz",
          "integrity": "sha1-cv7D0k5Io0Mgc9kMEmQgBQYQBLE="
        },
        "cookie-signature": {
          "version": "1.0.5",
          "resolved": "https://registry.npmjs.org/cookie-signature/-/cookie-signature-1.0.5.tgz",
          "integrity": "sha1-oSLj8VA+yg9TVXlbBxG7I2jUUPk="
        },
        "depd": {
          "version": "1.0.0",
          "resolved": "https://registry.npmjs.org/depd/-/depd-1.0.0.tgz",
          "integrity": "sha1-L9oNAOmKrihF1Jkasb8fKhmQc9U="
        },
        "escape-html": {
          "version": "1.0.1",
          "resolved": "https://registry.npmjs.org/escape-html/-/escape-html-1.0.1.tgz",
          "integrity": "sha1-GBoobq05ejmpKFfPsdQwUuNWv/A="
        },
        "etag": {
          "version": "1.5.1",
          "resolved": "https://registry.npmjs.org/etag/-/etag-1.5.1.tgz",
          "integrity": "sha1-VMUN4E7kJpVWKSWsVmWIKRvn6eo=",
          "requires": {
            "crc": "3.2.1"
          },
          "dependencies": {
            "crc": {
              "version": "3.2.1",
              "resolved": "https://registry.npmjs.org/crc/-/crc-3.2.1.tgz",
              "integrity": "sha1-XZyPt3okXNXsopHl0tAFM0urAII="
            }
          }
        },
        "finalhandler": {
          "version": "0.3.3",
          "resolved": "https://registry.npmjs.org/finalhandler/-/finalhandler-0.3.3.tgz",
          "integrity": "sha1-saCaoeamB7NUFmmwm8tyf0YM1CY=",
          "requires": {
            "debug": "2.1.1",
            "escape-html": "1.0.1",
            "on-finished": "2.2.0"
          }
        },
        "fresh": {
          "version": "0.2.4",
          "resolved": "https://registry.npmjs.org/fresh/-/fresh-0.2.4.tgz",
          "integrity": "sha1-NYJJkgbJcjcUGQ7ddLRgT+tKYUw="
        },
        "media-typer": {
          "version": "0.3.0",
          "resolved": "https://registry.npmjs.org/media-typer/-/media-typer-0.3.0.tgz",
          "integrity": "sha1-hxDXrwqmJvj/+hzgAWhUUmMlV0g="
        },
        "merge-descriptors": {
          "version": "0.0.2",
          "resolved": "https://registry.npmjs.org/merge-descriptors/-/merge-descriptors-0.0.2.tgz",
          "integrity": "sha1-w2pSp4FDdRPFcnXzndnTF1FKyMc="
        },
        "methods": {
          "version": "1.1.1",
          "resolved": "https://registry.npmjs.org/methods/-/methods-1.1.1.tgz",
          "integrity": "sha1-F+pjZgZtAMWON1uOx9/QRTyJgio="
        },
        "on-finished": {
          "version": "2.2.0",
          "resolved": "https://registry.npmjs.org/on-finished/-/on-finished-2.2.0.tgz",
          "integrity": "sha1-5rpqCaNILWt5abw9qSyG8KlnYF4=",
          "requires": {
            "ee-first": "1.1.0"
          },
          "dependencies": {
            "ee-first": {
              "version": "1.1.0",
              "resolved": "https://registry.npmjs.org/ee-first/-/ee-first-1.1.0.tgz",
              "integrity": "sha1-ag18YiHkkP7v2S7D9EHJzozQl/Q="
            }
          }
        },
        "parseurl": {
          "version": "1.3.0",
          "resolved": "https://registry.npmjs.org/parseurl/-/parseurl-1.3.0.tgz",
          "integrity": "sha1-tYBG20Ij4UWvp2AJ5hush8wigbM="
        },
        "path-to-regexp": {
          "version": "0.1.3",
          "resolved": "https://registry.npmjs.org/path-to-regexp/-/path-to-regexp-0.1.3.tgz",
          "integrity": "sha1-IbmrgidCed4lsVbqCP0SylG4rss="
        },
        "proxy-addr": {
          "version": "1.0.6",
          "resolved": "https://registry.npmjs.org/proxy-addr/-/proxy-addr-1.0.6.tgz",
          "integrity": "sha1-/OOkxIa/LhiK0eduGDmaedAsDnI=",
          "requires": {
            "forwarded": "0.1.0",
            "ipaddr.js": "0.1.8"
          },
          "dependencies": {
            "forwarded": {
              "version": "0.1.0",
              "resolved": "https://registry.npmjs.org/forwarded/-/forwarded-0.1.0.tgz",
              "integrity": "sha1-Ge+YdMSuHCl7zweP3mOgm2aoQ2M="
            },
            "ipaddr.js": {
              "version": "0.1.8",
              "resolved": "https://registry.npmjs.org/ipaddr.js/-/ipaddr.js-0.1.8.tgz",
              "integrity": "sha1-J0Qu2ne2JsRHJLSqihhn6EEFee4="
            }
          }
        },
        "qs": {
          "version": "2.3.3",
          "resolved": "https://registry.npmjs.org/qs/-/qs-2.3.3.tgz",
          "integrity": "sha1-6eha2+ddoLvkyOBHaghikPhjtAQ="
        },
        "range-parser": {
          "version": "1.0.2",
          "resolved": "https://registry.npmjs.org/range-parser/-/range-parser-1.0.2.tgz",
          "integrity": "sha1-BqEqQuUTG6jkV82JIESGfyNE5Uk="
        },
        "send": {
          "version": "0.11.1",
          "resolved": "https://registry.npmjs.org/send/-/send-0.11.1.tgz",
          "integrity": "sha1-G+q/1C+eJwn5kCivMHisErRwktU=",
          "requires": {
            "debug": "2.1.1",
            "depd": "1.0.0",
            "destroy": "1.0.3",
            "escape-html": "1.0.1",
            "etag": "1.5.1",
            "fresh": "0.2.4",
            "mime": "1.2.11",
            "ms": "0.7.0",
            "on-finished": "2.2.0",
            "range-parser": "1.0.2"
          },
          "dependencies": {
            "destroy": {
              "version": "1.0.3",
              "resolved": "https://registry.npmjs.org/destroy/-/destroy-1.0.3.tgz",
              "integrity": "sha1-tDO0ck5x/YVR2YhRdIUcX8N34sk="
            },
            "mime": {
              "version": "1.2.11",
              "resolved": "https://registry.npmjs.org/mime/-/mime-1.2.11.tgz",
              "integrity": "sha1-WCA+7Ybjpe8XrtK32evUfwpg3RA="
            },
            "ms": {
              "version": "0.7.0",
              "resolved": "https://registry.npmjs.org/ms/-/ms-0.7.0.tgz",
              "integrity": "sha1-hlvpTC5zl62KV9pqYzpuLzB5i4M="
            }
          }
        },
        "serve-static": {
          "version": "1.8.1",
          "resolved": "https://registry.npmjs.org/serve-static/-/serve-static-1.8.1.tgz",
          "integrity": "sha1-CPq9OZmfBQ/DEUQ/RtWIinfs/Hw=",
          "requires": {
            "escape-html": "1.0.1",
            "parseurl": "1.3.0",
            "send": "0.11.1",
            "utils-merge": "1.0.0"
          }
        },
        "type-is": {
          "version": "1.5.7",
          "resolved": "https://registry.npmjs.org/type-is/-/type-is-1.5.7.tgz",
          "integrity": "sha1-uTaKWTzG730GReeLL0xky+zQXpA=",
          "requires": {
            "media-typer": "0.3.0",
            "mime-types": "2.0.9"
          },
          "dependencies": {
            "mime-types": {
              "version": "2.0.9",
              "resolved": "https://registry.npmjs.org/mime-types/-/mime-types-2.0.9.tgz",
              "integrity": "sha1-6ESa/yexJF3cZkG1JEOa6AxLeKY=",
              "requires": {
                "mime-db": "1.7.0"
              },
              "dependencies": {
                "mime-db": {
                  "version": "1.7.0",
                  "resolved": "https://registry.npmjs.org/mime-db/-/mime-db-1.7.0.tgz",
                  "integrity": "sha1-Ns9mpsUupxgnveKH93wlT17xuNM="
                }
              }
            }
          }
        },
        "utils-merge": {
          "version": "1.0.0",
          "resolved": "https://registry.npmjs.org/utils-merge/-/utils-merge-1.0.0.tgz",
          "integrity": "sha1-ApT7kiu5N1FTVBxPcJYjHyh8ivg="
        },
        "vary": {
          "version": "1.0.0",
          "resolved": "https://registry.npmjs.org/vary/-/vary-1.0.0.tgz",
          "integrity": "sha1-xeds7CDTgg2PKpbnvuOHMcNNoec="
        }
      }
    },
    "getmac": {
      "version": "1.0.7",
      "resolved": "https://registry.npmjs.org/getmac/-/getmac-1.0.7.tgz",
      "integrity": "sha1-lEYPl3hpjS4VmgPabBZWifIs3Wc=",
      "requires": {
        "extract-opts": "2.2.0"
      },
      "dependencies": {
        "extract-opts": {
          "version": "2.2.0",
          "resolved": "https://registry.npmjs.org/extract-opts/-/extract-opts-2.2.0.tgz",
          "integrity": "sha1-H6KOunNSxttID4hc63GkaBC+bX0=",
          "requires": {
            "typechecker": "2.0.8"
          },
          "dependencies": {
            "typechecker": {
              "version": "2.0.8",
              "resolved": "https://registry.npmjs.org/typechecker/-/typechecker-2.0.8.tgz",
              "integrity": "sha1-6D2oS7ZMWEzLNFg4V2xAsDN9uC4="
            }
          }
        }
      }
    },
    "hjs": {
      "version": "0.0.6",
      "resolved": "https://registry.npmjs.org/hjs/-/hjs-0.0.6.tgz",
      "integrity": "sha1-v6xGfeQM0MfFSHTmrEiXqCF9cp0=",
      "requires": {
        "hogan.js": "3.0.2"
      },
      "dependencies": {
        "hogan.js": {
          "version": "3.0.2",
          "resolved": "https://registry.npmjs.org/hogan.js/-/hogan.js-3.0.2.tgz",
          "integrity": "sha1-TNnhq9QpQUbnZ55B14mHMrAse/0=",
          "requires": {
            "mkdirp": "0.3.0",
            "nopt": "1.0.10"
          },
          "dependencies": {
            "mkdirp": {
              "version": "0.3.0",
              "resolved": "https://registry.npmjs.org/mkdirp/-/mkdirp-0.3.0.tgz",
              "integrity": "sha1-G79asbqCevI1dRQ0kEJkVfSB/h4="
            },
            "nopt": {
              "version": "1.0.10",
              "resolved": "https://registry.npmjs.org/nopt/-/nopt-1.0.10.tgz",
              "integrity": "sha1-bd0hvSoxQXuScn3Vhfim83YI6+4=",
              "requires": {
                "abbrev": "1.0.5"
              },
              "dependencies": {
                "abbrev": {
                  "version": "1.0.5",
                  "resolved": "https://registry.npmjs.org/abbrev/-/abbrev-1.0.5.tgz",
                  "integrity": "sha1-XYJXvZ6+Q15piy+kMa/eT+exCwM="
                }
              }
            }
          }
        }
      }
    },
    "hooks-fixed": {
      "version": "1.1.0",
      "resolved": "https://registry.npmjs.org/hooks-fixed/-/hooks-fixed-1.1.0.tgz",
      "integrity": "sha1-DowVM2cI5mERhf45C0RofdUjDbs="
    },
    "inherits": {
      "version": "2.0.3",
      "resolved": "https://registry.npmjs.org/inherits/-/inherits-2.0.3.tgz",
      "integrity": "sha1-Yzwsg+PaQqUC9SRmAiSA9CCCYd4="
    },
    "isarray": {
      "version": "0.0.1",
      "resolved": "https://registry.npmjs.org/isarray/-/isarray-0.0.1.tgz",
      "integrity": "sha1-ihis/Kmo9Bd+Cav8YDiTmwXR7t8="
    },
    "kareem": {
      "version": "1.0.1",
      "resolved": "https://registry.npmjs.org/kareem/-/kareem-1.0.1.tgz",
      "integrity": "sha1-eAXSFbtTIU7Dr5aaHQsfF+PnuVw="
    },
    "less-middleware": {
      "version": "1.0.4",
      "resolved": "https://registry.npmjs.org/less-middleware/-/less-middleware-1.0.4.tgz",
      "integrity": "sha1-gidVny2Dn4+YT0W71Djv9QWLfeE=",
      "requires": {
        "less": "1.7.5",
        "mkdirp": "0.3.5",
        "node.extend": "1.0.10"
      },
      "dependencies": {
        "less": {
          "version": "1.7.5",
          "resolved": "https://registry.npmjs.org/less/-/less-1.7.5.tgz",
          "integrity": "sha1-TyIM9yiKJ+rKc5325ICKLUwNV1Y=",
          "requires": {
            "clean-css": "2.2.23",
            "graceful-fs": "3.0.5",
            "mime": "1.2.11",
            "mkdirp": "0.5.0",
            "request": "2.40.0",
            "source-map": "0.1.43"
          },
          "dependencies": {
            "clean-css": {
              "version": "2.2.23",
              "resolved": "https://registry.npmjs.org/clean-css/-/clean-css-2.2.23.tgz",
              "integrity": "sha1-BZC1R4tRbEkD7cLYm9P9vdKGMow=",
              "optional": true,
              "requires": {
                "commander": "2.2.0"
              },
              "dependencies": {
                "commander": {
                  "version": "2.2.0",
                  "resolved": "https://registry.npmjs.org/commander/-/commander-2.2.0.tgz",
                  "integrity": "sha1-F1rUuTF/P/YV8gHB5XIk9Vo+kd8=",
                  "optional": true
                }
              }
            },
            "graceful-fs": {
              "version": "3.0.5",
              "resolved": "https://registry.npmjs.org/graceful-fs/-/graceful-fs-3.0.5.tgz",
              "integrity": "sha1-SogEdL3rcW/jJ4zyl5Lew436xBg=",
              "optional": true
            },
            "mime": {
              "version": "1.2.11",
              "resolved": "https://registry.npmjs.org/mime/-/mime-1.2.11.tgz",
              "integrity": "sha1-WCA+7Ybjpe8XrtK32evUfwpg3RA=",
              "optional": true
            },
            "mkdirp": {
              "version": "0.5.0",
              "resolved": "https://registry.npmjs.org/mkdirp/-/mkdirp-0.5.0.tgz",
              "integrity": "sha1-HXMHam35hs2TROFecfzAWkyavxI=",
              "optional": true,
              "requires": {
                "minimist": "0.0.8"
              },
              "dependencies": {
                "minimist": {
                  "version": "0.0.8",
                  "resolved": "https://registry.npmjs.org/minimist/-/minimist-0.0.8.tgz",
                  "integrity": "sha1-hX/Kv8M5fSYluCKCYuhqp6ARsF0=",
                  "optional": true
                }
              }
            },
            "request": {
              "version": "2.40.0",
              "resolved": "https://registry.npmjs.org/request/-/request-2.40.0.tgz",
              "integrity": "sha1-TdZw9pbx5uhC5mtLXoOTAaub62c=",
              "optional": true,
              "requires": {
                "aws-sign2": "0.5.0",
                "forever-agent": "0.5.2",
                "form-data": "0.1.4",
                "hawk": "1.1.1",
                "http-signature": "0.10.1",
                "json-stringify-safe": "5.0.0",
                "mime-types": "1.0.2",
                "node-uuid": "1.4.2",
                "oauth-sign": "0.3.0",
                "qs": "1.0.2",
                "stringstream": "0.0.4",
                "tough-cookie": "0.12.1",
                "tunnel-agent": "0.4.0"
              },
              "dependencies": {
                "aws-sign2": {
                  "version": "0.5.0",
                  "resolved": "https://registry.npmjs.org/aws-sign2/-/aws-sign2-0.5.0.tgz",
                  "integrity": "sha1-xXED96F/wDfwLXwuZLYC6iI/fWM=",
                  "optional": true
                },
                "forever-agent": {
                  "version": "0.5.2",
                  "resolved": "https://registry.npmjs.org/forever-agent/-/forever-agent-0.5.2.tgz",
                  "integrity": "sha1-bQ4JxJIflKJ/Y9O0nF/v8epMUTA=",
                  "optional": true
                },
                "form-data": {
                  "version": "0.1.4",
                  "resolved": "https://registry.npmjs.org/form-data/-/form-data-0.1.4.tgz",
                  "integrity": "sha1-kavXiKupcCsaq/qLwBAxoqyeOxI=",
                  "optional": true,
                  "requires": {
                    "async": "0.9.0",
                    "combined-stream": "0.0.7",
                    "mime": "1.2.11"
                  },
                  "dependencies": {
                    "async": {
                      "version": "0.9.0",
                      "resolved": "https://registry.npmjs.org/async/-/async-0.9.0.tgz",
                      "integrity": "sha1-rDYTsdqb7RtHUQu0ZRuJMeRxRsc=",
                      "optional": true
                    },
                    "combined-stream": {
                      "version": "0.0.7",
                      "resolved": "https://registry.npmjs.org/combined-stream/-/combined-stream-0.0.7.tgz",
                      "integrity": "sha1-ATfmV7qlp1QcV6w3rF/AfXO03B8=",
                      "optional": true,
                      "requires": {
                        "delayed-stream": "0.0.5"
                      },
                      "dependencies": {
                        "delayed-stream": {
                          "version": "0.0.5",
                          "resolved": "https://registry.npmjs.org/delayed-stream/-/delayed-stream-0.0.5.tgz",
                          "integrity": "sha1-1LH0OpPoKW3+AmlPRoC8N6MTxz8=",
                          "optional": true
                        }
                      }
                    }
                  }
                },
                "hawk": {
                  "version": "1.1.1",
                  "resolved": "https://registry.npmjs.org/hawk/-/hawk-1.1.1.tgz",
                  "integrity": "sha1-h81JH5tG5OKurKM1QWdmiF0tHtk=",
                  "optional": true,
                  "requires": {
                    "boom": "0.4.2",
                    "cryptiles": "0.2.2",
                    "hoek": "0.9.1",
                    "sntp": "0.2.4"
                  },
                  "dependencies": {
                    "boom": {
                      "version": "0.4.2",
                      "resolved": "https://registry.npmjs.org/boom/-/boom-0.4.2.tgz",
                      "integrity": "sha1-emNune1O/O+xnO9JR6PGffrukRs=",
                      "requires": {
                        "hoek": "0.9.1"
                      }
                    },
                    "cryptiles": {
                      "version": "0.2.2",
                      "resolved": "https://registry.npmjs.org/cryptiles/-/cryptiles-0.2.2.tgz",
                      "integrity": "sha1-7ZH/HxetE9N0gohZT4pIoNJvMlw=",
                      "optional": true,
                      "requires": {
                        "boom": "0.4.2"
                      }
                    },
                    "hoek": {
                      "version": "0.9.1",
                      "resolved": "https://registry.npmjs.org/hoek/-/hoek-0.9.1.tgz",
                      "integrity": "sha1-PTIkYrrfB3Fup+uFuviAec3c5QU="
                    },
                    "sntp": {
                      "version": "0.2.4",
                      "resolved": "https://registry.npmjs.org/sntp/-/sntp-0.2.4.tgz",
                      "integrity": "sha1-+4hfGLDzqtGJ+CSGJTa87ux1CQA=",
                      "optional": true,
                      "requires": {
                        "hoek": "0.9.1"
                      }
                    }
                  }
                },
                "http-signature": {
                  "version": "0.10.1",
                  "resolved": "https://registry.npmjs.org/http-signature/-/http-signature-0.10.1.tgz",
                  "integrity": "sha1-T72sEyVZqoMjEh5UB3nAoBKyfmY=",
                  "optional": true,
                  "requires": {
                    "asn1": "0.1.11",
                    "assert-plus": "0.1.5",
                    "ctype": "0.5.3"
                  },
                  "dependencies": {
                    "asn1": {
                      "version": "0.1.11",
                      "resolved": "https://registry.npmjs.org/asn1/-/asn1-0.1.11.tgz",
                      "integrity": "sha1-VZvhg3bQik7E2+gId9J4GGObLfc=",
                      "optional": true
                    },
                    "assert-plus": {
                      "version": "0.1.5",
                      "resolved": "https://registry.npmjs.org/assert-plus/-/assert-plus-0.1.5.tgz",
                      "integrity": "sha1-7nQAlBMALYTOxyGcasgRgS5yMWA=",
                      "optional": true
                    },
                    "ctype": {
                      "version": "0.5.3",
                      "resolved": "https://registry.npmjs.org/ctype/-/ctype-0.5.3.tgz",
                      "integrity": "sha1-gsGMJGH3QRTvFsE1IkrQuRRMoS8=",
                      "optional": true
                    }
                  }
                },
                "json-stringify-safe": {
                  "version": "5.0.0",
                  "resolved": "https://registry.npmjs.org/json-stringify-safe/-/json-stringify-safe-5.0.0.tgz",
                  "integrity": "sha1-TB8ii1BQg366nSH1DC5uMgYkVm4=",
                  "optional": true
                },
                "mime-types": {
                  "version": "1.0.2",
                  "resolved": "https://registry.npmjs.org/mime-types/-/mime-types-1.0.2.tgz",
                  "integrity": "sha1-mVrhOSq4r/y/yyZB3QVOlDwNXc4=",
                  "optional": true
                },
                "node-uuid": {
                  "version": "1.4.2",
                  "resolved": "https://registry.npmjs.org/node-uuid/-/node-uuid-1.4.2.tgz",
                  "integrity": "sha1-kH2z0Rt7aiz0+QX7cZnxSuc3m6A=",
                  "optional": true
                },
                "oauth-sign": {
                  "version": "0.3.0",
                  "resolved": "https://registry.npmjs.org/oauth-sign/-/oauth-sign-0.3.0.tgz",
                  "integrity": "sha1-y1QPk7srIqfVlBaRoojWDo6pOG4=",
                  "optional": true
                },
                "qs": {
                  "version": "1.0.2",
                  "resolved": "https://registry.npmjs.org/qs/-/qs-1.0.2.tgz",
                  "integrity": "sha1-UKk+K1r2aRwxvOpdrnjubqGQN2g=",
                  "optional": true
                },
                "stringstream": {
                  "version": "0.0.4",
                  "resolved": "https://registry.npmjs.org/stringstream/-/stringstream-0.0.4.tgz",
                  "integrity": "sha1-Dw40I/lClgtWkqwySlfdCTvEGpI=",
                  "optional": true
                },
                "tough-cookie": {
                  "version": "0.12.1",
                  "resolved": "https://registry.npmjs.org/tough-cookie/-/tough-cookie-0.12.1.tgz",
                  "integrity": "sha1-giDH4hq9WxPZaAQlS9WoHr8sfWI=",
                  "optional": true,
                  "requires": {
                    "punycode": "1.3.2"
                  },
                  "dependencies": {
                    "punycode": {
                      "version": "1.3.2",
                      "resolved": "https://registry.npmjs.org/punycode/-/punycode-1.3.2.tgz",
                      "integrity": "sha1-llOgNvt8HuQjQvIyXM7v6jkmxI0=",
                      "optional": true
                    }
                  }
                },
                "tunnel-agent": {
                  "version": "0.4.0",
                  "resolved": "https://registry.npmjs.org/tunnel-agent/-/tunnel-agent-0.4.0.tgz",
                  "integrity": "sha1-sRhOMS/7z3CztMeOjCGd5+uxxVA=",
                  "optional": true
                }
              }
            },
            "source-map": {
              "version": "0.1.43",
              "resolved": "https://registry.npmjs.org/source-map/-/source-map-0.1.43.tgz",
              "integrity": "sha1-wkvBRspRfBRx9drL4lcbK3+eM0Y=",
              "optional": true,
              "requires": {
                "amdefine": "0.1.0"
              },
              "dependencies": {
                "amdefine": {
                  "version": "0.1.0",
                  "resolved": "https://registry.npmjs.org/amdefine/-/amdefine-0.1.0.tgz",
                  "integrity": "sha1-PKlzXPHd4O33pL9mQXCcgCT5sic=",
                  "optional": true
                }
              }
            }
          }
        },
        "mkdirp": {
          "version": "0.3.5",
          "resolved": "https://registry.npmjs.org/mkdirp/-/mkdirp-0.3.5.tgz",
          "integrity": "sha1-3j5fiWHIjHh+4TaN+EmsRBPsqNc="
        },
        "node.extend": {
          "version": "1.0.10",
          "resolved": "https://registry.npmjs.org/node.extend/-/node.extend-1.0.10.tgz",
          "integrity": "sha1-Mmm934HFRTX0CKvHhMMrDSvVX28=",
          "requires": {
            "is": "0.3.0"
          },
          "dependencies": {
            "is": {
              "version": "0.3.0",
              "resolved": "https://registry.npmjs.org/is/-/is-0.3.0.tgz",
              "integrity": "sha1-qPcd/IpuKDcWJ/JskpCYxvTV1dc="
            }
          }
        }
      }
    },
    "mime-db": {
      "version": "1.33.0",
      "resolved": "https://registry.npmjs.org/mime-db/-/mime-db-1.33.0.tgz",
      "integrity": "sha512-BHJ/EKruNIqJf/QahvxwQZXKygOQ256myeN/Ew+THcAa5q+PjyTTMMeNQC4DZw5AwfvelsUrA6B67NKMqXDbzQ=="
    },
    "mime-types": {
      "version": "2.1.18",
      "resolved": "https://registry.npmjs.org/mime-types/-/mime-types-2.1.18.tgz",
      "integrity": "sha512-lc/aahn+t4/SWV/qcmumYjymLsWfN3ELhpmVuUFjgsORruuZPVSwAQryq+HHGvO/SI2KVX26bx+En+zhM8g8hQ==",
      "requires": {
        "mime-db": "1.33.0"
      }
    },
    "mongodb": {
      "version": "2.1.18",
      "resolved": "https://registry.npmjs.org/mongodb/-/mongodb-2.1.18.tgz",
      "integrity": "sha1-KNQLUVsr5NWmn/3UxTXw30MuQJc=",
      "requires": {
        "es6-promise": "3.0.2",
        "mongodb-core": "1.3.18",
        "readable-stream": "1.0.31"
      }
    },
    "mongodb-core": {
      "version": "1.3.18",
      "resolved": "https://registry.npmjs.org/mongodb-core/-/mongodb-core-1.3.18.tgz",
      "integrity": "sha1-kGhLO3xzVtZa41Y5HTCw8kiATHo=",
      "requires": {
        "bson": "0.4.23",
        "require_optional": "1.0.1"
      }
    },
    "mongoose": {
      "version": "4.4.20",
      "resolved": "https://registry.npmjs.org/mongoose/-/mongoose-4.4.20.tgz",
      "integrity": "sha1-6XT/tq6MUPQJgBqEl6mOnztR8t0=",
      "requires": {
        "async": "1.5.2",
        "bson": "0.4.23",
        "hooks-fixed": "1.1.0",
        "kareem": "1.0.1",
        "mongodb": "2.1.18",
        "mpath": "0.2.1",
        "mpromise": "0.5.5",
        "mquery": "1.11.0",
        "ms": "0.7.1",
        "muri": "1.1.0",
        "regexp-clone": "0.0.1",
        "sliced": "1.0.1"
      }
    },
    "morgan": {
      "version": "1.5.1",
      "resolved": "https://registry.npmjs.org/morgan/-/morgan-1.5.1.tgz",
      "integrity": "sha1-qWiO7ZGHq2SNgW/AnGlvroguFvY=",
      "requires": {
        "basic-auth": "1.0.0",
        "debug": "2.1.1",
        "depd": "1.0.0",
        "on-finished": "2.2.0"
      },
      "dependencies": {
        "basic-auth": {
          "version": "1.0.0",
          "resolved": "https://registry.npmjs.org/basic-auth/-/basic-auth-1.0.0.tgz",
          "integrity": "sha1-ERstn/jk5tE2uMhOpeCWy4c1Fjc="
        },
        "depd": {
          "version": "1.0.0",
          "resolved": "https://registry.npmjs.org/depd/-/depd-1.0.0.tgz",
          "integrity": "sha1-L9oNAOmKrihF1Jkasb8fKhmQc9U="
        },
        "on-finished": {
          "version": "2.2.0",
          "resolved": "https://registry.npmjs.org/on-finished/-/on-finished-2.2.0.tgz",
          "integrity": "sha1-5rpqCaNILWt5abw9qSyG8KlnYF4=",
          "requires": {
            "ee-first": "1.1.0"
          },
          "dependencies": {
            "ee-first": {
              "version": "1.1.0",
              "resolved": "https://registry.npmjs.org/ee-first/-/ee-first-1.1.0.tgz",
              "integrity": "sha1-ag18YiHkkP7v2S7D9EHJzozQl/Q="
            }
          }
        }
      }
    },
    "mpath": {
      "version": "0.2.1",
      "resolved": "https://registry.npmjs.org/mpath/-/mpath-0.2.1.tgz",
      "integrity": "sha1-Ok6Ck1mAHeljCcJ6ay4QLon56W4="
    },
    "mpromise": {
      "version": "0.5.5",
      "resolved": "https://registry.npmjs.org/mpromise/-/mpromise-0.5.5.tgz",
      "integrity": "sha1-9bJCWddjrMIlewoMjG2Gb9UXMuY="
    },
    "mquery": {
      "version": "1.11.0",
      "resolved": "https://registry.npmjs.org/mquery/-/mquery-1.11.0.tgz",
      "integrity": "sha1-4MZd7bEDftv2z7iCYud3/uI1Udk=",
      "requires": {
        "bluebird": "2.10.2",
        "debug": "2.2.0",
        "regexp-clone": "0.0.1",
        "sliced": "0.0.5"
      },
      "dependencies": {
        "debug": {
          "version": "2.2.0",
          "resolved": "https://registry.npmjs.org/debug/-/debug-2.2.0.tgz",
          "integrity": "sha1-+HBX6ZWxofauaklgZkE3vFbwOdo=",
          "requires": {
            "ms": "0.7.1"
          }
        },
        "sliced": {
          "version": "0.0.5",
          "resolved": "https://registry.npmjs.org/sliced/-/sliced-0.0.5.tgz",
          "integrity": "sha1-XtwETKTrb3gW1Qui/GPiXY/kcH8="
        }
      }
    },
    "ms": {
      "version": "0.7.1",
      "resolved": "https://registry.npmjs.org/ms/-/ms-0.7.1.tgz",
      "integrity": "sha1-nNE8A62/8ltl7/3nzoZO6VIBcJg="
    },
    "muri": {
      "version": "1.1.0",
      "resolved": "https://registry.npmjs.org/muri/-/muri-1.1.0.tgz",
      "integrity": "sha1-o6bXTmiogPQzokmnSWnLtmXMCt0="
    },
    "negotiator": {
      "version": "0.6.1",
      "resolved": "https://registry.npmjs.org/negotiator/-/negotiator-0.6.1.tgz",
      "integrity": "sha1-KzJxhOiZIQEXeyhWP7XnECrNDKk="
    },
    "readable-stream": {
      "version": "1.0.31",
      "resolved": "https://registry.npmjs.org/readable-stream/-/readable-stream-1.0.31.tgz",
      "integrity": "sha1-jyUC4LyeOw2huUUgqrtOJgPsr64=",
      "requires": {
        "core-util-is": "1.0.2",
        "inherits": "2.0.3",
        "isarray": "0.0.1",
        "string_decoder": "0.10.31"
      }
    },
    "regexp-clone": {
      "version": "0.0.1",
      "resolved": "https://registry.npmjs.org/regexp-clone/-/regexp-clone-0.0.1.tgz",
      "integrity": "sha1-p8LgmJH9vzj7sQ03b7cwA+aKxYk="
    },
    "require_optional": {
      "version": "1.0.1",
      "resolved": "https://registry.npmjs.org/require_optional/-/require_optional-1.0.1.tgz",
      "integrity": "sha512-qhM/y57enGWHAe3v/NcwML6a3/vfESLe/sGM2dII+gEO0BpKRUkWZow/tyloNqJyN6kXSl3RyyM8Ll5D/sJP8g==",
      "requires": {
        "resolve-from": "2.0.0",
        "semver": "5.5.0"
      }
    },
    "resolve-from": {
      "version": "2.0.0",
      "resolved": "https://registry.npmjs.org/resolve-from/-/resolve-from-2.0.0.tgz",
      "integrity": "sha1-lICrIOlP+h2egKgEx+oUdhGWa1c="
    },
    "semver": {
      "version": "5.5.0",
      "resolved": "https://registry.npmjs.org/semver/-/semver-5.5.0.tgz",
      "integrity": "sha512-4SJ3dm0WAwWy/NVeioZh5AntkdJoWKxHxcmyP622fOkgHa4z3R0TdBJICINyaSDE6uNwVc8gZr+ZinwZAH4xIA=="
    },
    "serve-favicon": {
      "version": "2.2.0",
      "resolved": "https://registry.npmjs.org/serve-favicon/-/serve-favicon-2.2.0.tgz",
      "integrity": "sha1-oMJe6KZS4aY4pn20YmnNUqhwWFg=",
      "requires": {
        "etag": "1.5.1",
        "fresh": "0.2.4",
        "ms": "0.7.0",
        "parseurl": "1.3.0"
      },
      "dependencies": {
        "etag": {
          "version": "1.5.1",
          "resolved": "https://registry.npmjs.org/etag/-/etag-1.5.1.tgz",
          "integrity": "sha1-VMUN4E7kJpVWKSWsVmWIKRvn6eo=",
          "requires": {
            "crc": "3.2.1"
          },
          "dependencies": {
            "crc": {
              "version": "3.2.1",
              "resolved": "https://registry.npmjs.org/crc/-/crc-3.2.1.tgz",
              "integrity": "sha1-XZyPt3okXNXsopHl0tAFM0urAII="
            }
          }
        },
        "fresh": {
          "version": "0.2.4",
          "resolved": "https://registry.npmjs.org/fresh/-/fresh-0.2.4.tgz",
          "integrity": "sha1-NYJJkgbJcjcUGQ7ddLRgT+tKYUw="
        },
        "ms": {
          "version": "0.7.0",
          "resolved": "https://registry.npmjs.org/ms/-/ms-0.7.0.tgz",
          "integrity": "sha1-hlvpTC5zl62KV9pqYzpuLzB5i4M="
        },
        "parseurl": {
          "version": "1.3.0",
          "resolved": "https://registry.npmjs.org/parseurl/-/parseurl-1.3.0.tgz",
          "integrity": "sha1-tYBG20Ij4UWvp2AJ5hush8wigbM="
        }
      }
    },
    "sliced": {
      "version": "1.0.1",
      "resolved": "https://registry.npmjs.org/sliced/-/sliced-1.0.1.tgz",
      "integrity": "sha1-CzpmK10Ewxd7GSa+qCsD+Dei70E="
    },
    "string_decoder": {
      "version": "0.10.31",
      "resolved": "https://registry.npmjs.org/string_decoder/-/string_decoder-0.10.31.tgz",
      "integrity": "sha1-YuIDvEF2bGwoyfyEMB2rHFMQ+pQ="
    }
  }
}
